
Microsoft Visual Studio Solution File, Format Version 12.00
# Visual Studio Version 17
VisualStudioVersion = 17.10.34928.147
MinimumVisualStudioVersion = 10.0.40219.1
Project("{FAE04EC0-301F-11D3-BF4B-00C04F79EFBC}") = "DependencyInjectionExample", "DependencyInjectionExample\DependencyInjectionExample.csproj", "{896F841B-79A4-4A47-B514-D803D550EEBD}"
EndProject
Global
	GlobalSection(SolutionConfigurationPlatforms) = preSolution
		Debug|Any CPU = Debug|Any CPU
		Release|Any CPU = Release|Any CPU
	EndGlobalSection
	GlobalSection(ProjectConfigurationPlatforms) = postSolution
		{896F841B-79A4-4A47-B514-D803D550EEBD}.Debug|Any CPU.ActiveCfg = Debug|Any CPU
		{896F841B-79A4-4A47-B514-D803D550EEBD}.Debug|Any CPU.Build.0 = Debug|Any CPU
		{896F841B-79A4-4A47-B514-D803D550EEBD}.Release|Any CPU.ActiveCfg = Release|Any CPU
		{896F841B-79A4-4A47-B514-D803D550EEBD}.Release|Any CPU.Build.0 = Release|Any CPU
	EndGlobalSection
	GlobalSection(SolutionProperties) = preSolution
		HideSolutionNode = FALSE
	EndGlobalSection
	GlobalSection(ExtensibilityGlobals) = postSolution
		SolutionGuid = {329C26E7-DDC9-4BAF-8D4F-E2A24A92AFC1}
	EndGlobalSection
EndGlobal
